
Microsoft Visual Studio Solution File, Format Version 12.00
# Visual Studio Version 16
VisualStudioVersion = 16.0.30503.244
MinimumVisualStudioVersion = 10.0.40219.1
Project("{FAE04EC0-301F-11D3-BF4B-00C04F79EFBC}") = "Коллекции", "Коллекции\Коллекции.csproj", "{10713554-D839-471E-A208-68039777DFC1}"
EndProject
Global
	GlobalSection(SolutionConfigurationPlatforms) = preSolution
		Debug|Any CPU = Debug|Any CPU
		Release|Any CPU = Release|Any CPU
	EndGlobalSection
	GlobalSection(ProjectConfigurationPlatforms) = postSolution
		{10713554-D839-471E-A208-68039777DFC1}.Debug|Any CPU.ActiveCfg = Debug|Any CPU
		{10713554-D839-471E-A208-68039777DFC1}.Debug|Any CPU.Build.0 = Debug|Any CPU
		{10713554-D839-471E-A208-68039777DFC1}.Release|Any CPU.ActiveCfg = Release|Any CPU
		{10713554-D839-471E-A208-68039777DFC1}.Release|Any CPU.Build.0 = Release|Any CPU
	EndGlobalSection
	GlobalSection(SolutionProperties) = preSolution
		HideSolutionNode = FALSE
	EndGlobalSection
	GlobalSection(ExtensibilityGlobals) = postSolution
		SolutionGuid = {2821C3CA-27EE-48C4-9BC2-16DFCEF12A49}
	EndGlobalSection
EndGlobal
